
Microsoft Visual Studio Solution File, Format Version 12.00
# Visual Studio Version 17
VisualStudioVersion = 17.4.33103.184
MinimumVisualStudioVersion = 10.0.40219.1
Project("{FAE04EC0-301F-11D3-BF4B-00C04F79EFBC}") = "EmployeeDetails", "EmployeeDetails\EmployeeDetails.csproj", "{D44B19C1-020E-4A78-BF4D-2DA4ABF22C60}"
EndProject
Global
	GlobalSection(SolutionConfigurationPlatforms) = preSolution
		Debug|Any CPU = Debug|Any CPU
		Release|Any CPU = Release|Any CPU
	EndGlobalSection
	GlobalSection(ProjectConfigurationPlatforms) = postSolution
		{D44B19C1-020E-4A78-BF4D-2DA4ABF22C60}.Debug|Any CPU.ActiveCfg = Debug|Any CPU
		{D44B19C1-020E-4A78-BF4D-2DA4ABF22C60}.Debug|Any CPU.Build.0 = Debug|Any CPU
		{D44B19C1-020E-4A78-BF4D-2DA4ABF22C60}.Release|Any CPU.ActiveCfg = Release|Any CPU
		{D44B19C1-020E-4A78-BF4D-2DA4ABF22C60}.Release|Any CPU.Build.0 = Release|Any CPU
	EndGlobalSection
	GlobalSection(SolutionProperties) = preSolution
		HideSolutionNode = FALSE
	EndGlobalSection
	GlobalSection(ExtensibilityGlobals) = postSolution
		SolutionGuid = {5CAD0AA7-6F27-4572-9B8C-7A4F86440E7B}
	EndGlobalSection
EndGlobal
